// !$*UTF8*$!
{
	archiveVersion = 1;
	classes = {
	};
	objectVersion = 54;
	objects = {

/* Begin PBXBuildFile section */
		E034103427C32A8200BFC511 /* RouteModel.swift in Sources */ = {isa = PBXBuildFile; fileRef = E034103327C32A8200BFC511 /* RouteModel.swift */; };
		E09F8DB32793CB4800FD6F74 /* ExtensionHelper.swift in Sources */ = {isa = PBXBuildFile; fileRef = E09F8DB22793CB4800FD6F74 /* ExtensionHelper.swift */; };
		E0B8E60227A77A3F004B579D /* ShowGroupMemberView.swift in Sources */ = {isa = PBXBuildFile; fileRef = E0B8E60127A77A3F004B579D /* ShowGroupMemberView.swift */; };
		E0C0F4972C918ACD005A719B /* Localizable.strings in Resources */ = {isa = PBXBuildFile; fileRef = E0C0F4952C918ACD005A719B /* Localizable.strings */; };
		E0C0F49A2C926BCF005A719B /* GoogleService-Info.plist in Resources */ = {isa = PBXBuildFile; fileRef = E0C0F4992C926BCF005A719B /* GoogleService-Info.plist */; };
		E0C0F49D2C926DB3005A719B /* FirebaseAnalytics in Frameworks */ = {isa = PBXBuildFile; productRef = E0C0F49C2C926DB3005A719B /* FirebaseAnalytics */; };
		E0C0F49F2C926DB3005A719B /* FirebaseAuth in Frameworks */ = {isa = PBXBuildFile; productRef = E0C0F49E2C926DB3005A719B /* FirebaseAuth */; };
		E0C0F4A12C926DB3005A719B /* FirebaseDatabase in Frameworks */ = {isa = PBXBuildFile; productRef = E0C0F4A02C926DB3005A719B /* FirebaseDatabase */; };
		E0C0F4A32C926DB3005A719B /* FirebaseFirestore in Frameworks */ = {isa = PBXBuildFile; productRef = E0C0F4A22C926DB3005A719B /* FirebaseFirestore */; };
		E0C0F4A52C926DB3005A719B /* FirebaseStorage in Frameworks */ = {isa = PBXBuildFile; productRef = E0C0F4A42C926DB3005A719B /* FirebaseStorage */; };
		E0C0F4A82C927111005A719B /* CardRepository.swift in Sources */ = {isa = PBXBuildFile; fileRef = E0C0F4A72C927111005A719B /* CardRepository.swift */; };
		E0C0F4AA2C9271D4005A719B /* Card.swift in Sources */ = {isa = PBXBuildFile; fileRef = E0C0F4A92C9271D4005A719B /* Card.swift */; };
		E0C0F4AC2C927493005A719B /* FirebaseFirestoreSwift in Frameworks */ = {isa = PBXBuildFile; productRef = E0C0F4AB2C927493005A719B /* FirebaseFirestoreSwift */; };
		E0C0F4AF2C927698005A719B /* CardListViewModel.swift in Sources */ = {isa = PBXBuildFile; fileRef = E0C0F4AE2C927698005A719B /* CardListViewModel.swift */; };
		E0C0F4B22C92A849005A719B /* NetworkMonitor.swift in Sources */ = {isa = PBXBuildFile; fileRef = E0C0F4B12C92A849005A719B /* NetworkMonitor.swift */; };
		E0CCBDF12D0AA223003349CC /* ShowUserInfoEditView.swift in Sources */ = {isa = PBXBuildFile; fileRef = E0CCBDF02D0AA223003349CC /* ShowUserInfoEditView.swift */; };
		E0EE67BC27D594F600190436 /* SharedFunctions.swift in Sources */ = {isa = PBXBuildFile; fileRef = E0EE67BB27D594F600190436 /* SharedFunctions.swift */; };
		E0F047702790200E0065262D /* TourLinkApp.swift in Sources */ = {isa = PBXBuildFile; fileRef = E0F0476F2790200E0065262D /* TourLinkApp.swift */; };
		E0F047722790200E0065262D /* ContentView.swift in Sources */ = {isa = PBXBuildFile; fileRef = E0F047712790200E0065262D /* ContentView.swift */; };
		E0F04774279020100065262D /* Assets.xcassets in Resources */ = {isa = PBXBuildFile; fileRef = E0F04773279020100065262D /* Assets.xcassets */; };
		E0F04777279020100065262D /* Preview Assets.xcassets in Resources */ = {isa = PBXBuildFile; fileRef = E0F04776279020100065262D /* Preview Assets.xcassets */; };
		E0F047A5279174F90065262D /* Home.swift in Sources */ = {isa = PBXBuildFile; fileRef = E0F047A4279174F90065262D /* Home.swift */; };
		E0F047A7279175520065262D /* MapView.swift in Sources */ = {isa = PBXBuildFile; fileRef = E0F047A6279175520065262D /* MapView.swift */; };
		E0F047A9279176330065262D /* MapViewModel.swift in Sources */ = {isa = PBXBuildFile; fileRef = E0F047A8279176330065262D /* MapViewModel.swift */; };
		E0F047AE279269050065262D /* PlaceModel.swift in Sources */ = {isa = PBXBuildFile; fileRef = E0F047AD279269050065262D /* PlaceModel.swift */; };
/* End PBXBuildFile section */

/* Begin PBXFileReference section */
		E034103327C32A8200BFC511 /* RouteModel.swift */ = {isa = PBXFileReference; lastKnownFileType = sourcecode.swift; path = RouteModel.swift; sourceTree = "<group>"; };
		E09F8DB22793CB4800FD6F74 /* ExtensionHelper.swift */ = {isa = PBXFileReference; lastKnownFileType = sourcecode.swift; path = ExtensionHelper.swift; sourceTree = "<group>"; };
		E0B8E60127A77A3F004B579D /* ShowGroupMemberView.swift */ = {isa = PBXFileReference; lastKnownFileType = sourcecode.swift; path = ShowGroupMemberView.swift; sourceTree = "<group>"; };
		E0C0F4962C918ACD005A719B /* en */ = {isa = PBXFileReference; lastKnownFileType = text.plist.strings; name = en; path = en.lproj/Localizable.strings; sourceTree = "<group>"; };
		E0C0F4982C918AE9005A719B /* vi */ = {isa = PBXFileReference; lastKnownFileType = text.plist.strings; name = vi; path = vi.lproj/Localizable.strings; sourceTree = "<group>"; };
		E0C0F4992C926BCF005A719B /* GoogleService-Info.plist */ = {isa = PBXFileReference; fileEncoding = 4; lastKnownFileType = text.plist.xml; path = "GoogleService-Info.plist"; sourceTree = "<group>"; };
		E0C0F4A72C927111005A719B /* CardRepository.swift */ = {isa = PBXFileReference; lastKnownFileType = sourcecode.swift; path = CardRepository.swift; sourceTree = "<group>"; };
		E0C0F4A92C9271D4005A719B /* Card.swift */ = {isa = PBXFileReference; lastKnownFileType = sourcecode.swift; path = Card.swift; sourceTree = "<group>"; };
		E0C0F4AE2C927698005A719B /* CardListViewModel.swift */ = {isa = PBXFileReference; lastKnownFileType = sourcecode.swift; path = CardListViewModel.swift; sourceTree = "<group>"; };
		E0C0F4B12C92A849005A719B /* NetworkMonitor.swift */ = {isa = PBXFileReference; lastKnownFileType = sourcecode.swift; path = NetworkMonitor.swift; sourceTree = "<group>"; };
		E0CCBDF02D0AA223003349CC /* ShowUserInfoEditView.swift */ = {isa = PBXFileReference; lastKnownFileType = sourcecode.swift; path = ShowUserInfoEditView.swift; sourceTree = "<group>"; };
		E0EE67BB27D594F600190436 /* SharedFunctions.swift */ = {isa = PBXFileReference; lastKnownFileType = sourcecode.swift; path = SharedFunctions.swift; sourceTree = "<group>"; };
		E0F0476C2790200E0065262D /* TourLink.app */ = {isa = PBXFileReference; explicitFileType = wrapper.application; includeInIndex = 0; path = TourLink.app; sourceTree = BUILT_PRODUCTS_DIR; };
		E0F0476F2790200E0065262D /* TourLinkApp.swift */ = {isa = PBXFileReference; lastKnownFileType = sourcecode.swift; path = TourLinkApp.swift; sourceTree = "<group>"; };
		E0F047712790200E0065262D /* ContentView.swift */ = {isa = PBXFileReference; lastKnownFileType = sourcecode.swift; path = ContentView.swift; sourceTree = "<group>"; };
		E0F04773279020100065262D /* Assets.xcassets */ = {isa = PBXFileReference; lastKnownFileType = folder.assetcatalog; path = Assets.xcassets; sourceTree = "<group>"; };
		E0F04776279020100065262D /* Preview Assets.xcassets */ = {isa = PBXFileReference; lastKnownFileType = folder.assetcatalog; path = "Preview Assets.xcassets"; sourceTree = "<group>"; };
		E0F04778279020100065262D /* Info.plist */ = {isa = PBXFileReference; lastKnownFileType = text.plist.xml; path = Info.plist; sourceTree = "<group>"; };
		E0F047A4279174F90065262D /* Home.swift */ = {isa = PBXFileReference; lastKnownFileType = sourcecode.swift; path = Home.swift; sourceTree = "<group>"; };
		E0F047A6279175520065262D /* MapView.swift */ = {isa = PBXFileReference; lastKnownFileType = sourcecode.swift; path = MapView.swift; sourceTree = "<group>"; };
		E0F047A8279176330065262D /* MapViewModel.swift */ = {isa = PBXFileReference; lastKnownFileType = sourcecode.swift; path = MapViewModel.swift; sourceTree = "<group>"; };
		E0F047AD279269050065262D /* PlaceModel.swift */ = {isa = PBXFileReference; lastKnownFileType = sourcecode.swift; path = PlaceModel.swift; sourceTree = "<group>"; };
/* End PBXFileReference section */

/* Begin PBXFrameworksBuildPhase section */
		E0F047692790200E0065262D /* Frameworks */ = {
			isa = PBXFrameworksBuildPhase;
			buildActionMask = 2147483647;
			files = (
				E0C0F4A12C926DB3005A719B /* FirebaseDatabase in Frameworks */,
				E0C0F4A32C926DB3005A719B /* FirebaseFirestore in Frameworks */,
				E0C0F49D2C926DB3005A719B /* FirebaseAnalytics in Frameworks */,
				E0C0F4A52C926DB3005A719B /* FirebaseStorage in Frameworks */,
				E0C0F49F2C926DB3005A719B /* FirebaseAuth in Frameworks */,
				E0C0F4AC2C927493005A719B /* FirebaseFirestoreSwift in Frameworks */,
			);
			runOnlyForDeploymentPostprocessing = 0;
		};
/* End PBXFrameworksBuildPhase section */

/* Begin PBXGroup section */
		E0C0F49B2C926DB3005A719B /* Frameworks */ = {
			isa = PBXGroup;
			children = (
			);
			name = Frameworks;
			sourceTree = "<group>";
		};
		E0C0F4A62C9270FC005A719B /* AppFireStore */ = {
			isa = PBXGroup;
			children = (
				E0C0F4AD2C9274AC005A719B /* Models */,
				E0C0F4A72C927111005A719B /* CardRepository.swift */,
				E0C0F4AE2C927698005A719B /* CardListViewModel.swift */,
			);
			path = AppFireStore;
			sourceTree = "<group>";
		};
		E0C0F4AD2C9274AC005A719B /* Models */ = {
			isa = PBXGroup;
			children = (
				E0C0F4A92C9271D4005A719B /* Card.swift */,
			);
			path = Models;
			sourceTree = "<group>";
		};
		E0C0F4B02C92A83F005A719B /* NetworkMonitor */ = {
			isa = PBXGroup;
			children = (
				E0C0F4B12C92A849005A719B /* NetworkMonitor.swift */,
			);
			path = NetworkMonitor;
			sourceTree = "<group>";
		};
		E0F047632790200E0065262D = {
			isa = PBXGroup;
			children = (
				E0C0F4952C918ACD005A719B /* Localizable.strings */,
				E0F0476E2790200E0065262D /* TourLink */,
				E0F0476D2790200E0065262D /* Products */,
				E0C0F49B2C926DB3005A719B /* Frameworks */,
			);
			sourceTree = "<group>";
		};
		E0F0476D2790200E0065262D /* Products */ = {
			isa = PBXGroup;
			children = (
				E0F0476C2790200E0065262D /* TourLink.app */,
			);
			name = Products;
			sourceTree = "<group>";
		};
		E0F0476E2790200E0065262D /* TourLink */ = {
			isa = PBXGroup;
			children = (
				E0EE67BB27D594F600190436 /* SharedFunctions.swift */,
				E09F8DB22793CB4800FD6F74 /* ExtensionHelper.swift */,
				E0F047A3279174DF0065262D /* View */,
				E0F0476F2790200E0065262D /* TourLinkApp.swift */,
				E0F047712790200E0065262D /* ContentView.swift */,
				E0F04773279020100065262D /* Assets.xcassets */,
				E0F04778279020100065262D /* Info.plist */,
				E0C0F4992C926BCF005A719B /* GoogleService-Info.plist */,
				E0F04775279020100065262D /* Preview Content */,
			);
			path = TourLink;
			sourceTree = "<group>";
		};
		E0F04775279020100065262D /* Preview Content */ = {
			isa = PBXGroup;
			children = (
				E0F04776279020100065262D /* Preview Assets.xcassets */,
			);
			path = "Preview Content";
			sourceTree = "<group>";
		};
		E0F047A3279174DF0065262D /* View */ = {
			isa = PBXGroup;
			children = (
				E0C0F4B02C92A83F005A719B /* NetworkMonitor */,
				E0C0F4A62C9270FC005A719B /* AppFireStore */,
				E0F047AB279183DF0065262D /* Childrens */,
				E0F047AA279183D20065262D /* Mother */,
			);
			path = View;
			sourceTree = "<group>";
		};
		E0F047AA279183D20065262D /* Mother */ = {
			isa = PBXGroup;
			children = (
				E0F047A4279174F90065262D /* Home.swift */,
			);
			path = Mother;
			sourceTree = "<group>";
		};
		E0F047AB279183DF0065262D /* Childrens */ = {
			isa = PBXGroup;
			children = (
				E0F047AD279269050065262D /* PlaceModel.swift */,
				E034103327C32A8200BFC511 /* RouteModel.swift */,
				E0F047A8279176330065262D /* MapViewModel.swift */,
				E0F047A6279175520065262D /* MapView.swift */,
				E0B8E60127A77A3F004B579D /* ShowGroupMemberView.swift */,
				E0CCBDF02D0AA223003349CC /* ShowUserInfoEditView.swift */,
			);
			path = Childrens;
			sourceTree = "<group>";
		};
/* End PBXGroup section */

/* Begin PBXNativeTarget section */
		E0F0476B2790200E0065262D /* TourLink */ = {
			isa = PBXNativeTarget;
			buildConfigurationList = E0F0477B279020100065262D /* Build configuration list for PBXNativeTarget "TourLink" */;
			buildPhases = (
				E0F047682790200E0065262D /* Sources */,
				E0F047692790200E0065262D /* Frameworks */,
				E0F0476A2790200E0065262D /* Resources */,
			);
			buildRules = (
			);
			dependencies = (
			);
			name = TourLink;
			packageProductDependencies = (
				E0C0F49C2C926DB3005A719B /* FirebaseAnalytics */,
				E0C0F49E2C926DB3005A719B /* FirebaseAuth */,
				E0C0F4A02C926DB3005A719B /* FirebaseDatabase */,
				E0C0F4A22C926DB3005A719B /* FirebaseFirestore */,
				E0C0F4A42C926DB3005A719B /* FirebaseStorage */,
				E0C0F4AB2C927493005A719B /* FirebaseFirestoreSwift */,
			);
			productName = TourLink;
			productReference = E0F0476C2790200E0065262D /* TourLink.app */;
			productType = "com.apple.product-type.application";
		};
/* End PBXNativeTarget section */

/* Begin PBXProject section */
		E0F047642790200E0065262D /* Project object */ = {
			isa = PBXProject;
			attributes = {
				BuildIndependentTargetsInParallel = YES;
				LastSwiftUpdateCheck = 1250;
				LastUpgradeCheck = 1530;
				TargetAttributes = {
					E0F0476B2790200E0065262D = {
						CreatedOnToolsVersion = 12.5.1;
					};
				};
			};
			buildConfigurationList = E0F047672790200E0065262D /* Build configuration list for PBXProject "TourLink" */;
			compatibilityVersion = "Xcode 9.3";
			developmentRegion = en;
			hasScannedForEncodings = 0;
			knownRegions = (
				en,
				Base,
				vi,
			);
			mainGroup = E0F047632790200E0065262D;
			packageReferences = (
				E038200C2799102C00104801 /* XCRemoteSwiftPackageReference "firebase-ios-sdk" */,
			);
			productRefGroup = E0F0476D2790200E0065262D /* Products */;
			projectDirPath = "";
			projectRoot = "";
			targets = (
				E0F0476B2790200E0065262D /* TourLink */,
			);
		};
/* End PBXProject section */

/* Begin PBXResourcesBuildPhase section */
		E0F0476A2790200E0065262D /* Resources */ = {
			isa = PBXResourcesBuildPhase;
			buildActionMask = 2147483647;
			files = (
				E0F04777279020100065262D /* Preview Assets.xcassets in Resources */,
				E0C0F49A2C926BCF005A719B /* GoogleService-Info.plist in Resources */,
				E0C0F4972C918ACD005A719B /* Localizable.strings in Resources */,
				E0F04774279020100065262D /* Assets.xcassets in Resources */,
			);
			runOnlyForDeploymentPostprocessing = 0;
		};
/* End PBXResourcesBuildPhase section */

/* Begin PBXSourcesBuildPhase section */
		E0F047682790200E0065262D /* Sources */ = {
			isa = PBXSourcesBuildPhase;
			buildActionMask = 2147483647;
			files = (
				E0C0F4AF2C927698005A719B /* CardListViewModel.swift in Sources */,
				E0F047722790200E0065262D /* ContentView.swift in Sources */,
				E0F047A9279176330065262D /* MapViewModel.swift in Sources */,
				E0F047A7279175520065262D /* MapView.swift in Sources */,
				E034103427C32A8200BFC511 /* RouteModel.swift in Sources */,
				E0F047A5279174F90065262D /* Home.swift in Sources */,
				E0B8E60227A77A3F004B579D /* ShowGroupMemberView.swift in Sources */,
				E0CCBDF12D0AA223003349CC /* ShowUserInfoEditView.swift in Sources */,
				E0EE67BC27D594F600190436 /* SharedFunctions.swift in Sources */,
				E0C0F4AA2C9271D4005A719B /* Card.swift in Sources */,
				E0F047AE279269050065262D /* PlaceModel.swift in Sources */,
				E0C0F4A82C927111005A719B /* CardRepository.swift in Sources */,
				E0F047702790200E0065262D /* TourLinkApp.swift in Sources */,
				E09F8DB32793CB4800FD6F74 /* ExtensionHelper.swift in Sources */,
				E0C0F4B22C92A849005A719B /* NetworkMonitor.swift in Sources */,
			);
			runOnlyForDeploymentPostprocessing = 0;
		};
/* End PBXSourcesBuildPhase section */

/* Begin PBXVariantGroup section */
		E0C0F4952C918ACD005A719B /* Localizable.strings */ = {
			isa = PBXVariantGroup;
			children = (
				E0C0F4962C918ACD005A719B /* en */,
				E0C0F4982C918AE9005A719B /* vi */,
			);
			name = Localizable.strings;
			sourceTree = "<group>";
		};
/* End PBXVariantGroup section */

/* Begin XCBuildConfiguration section */
		E0F04779279020100065262D /* Debug */ = {
			isa = XCBuildConfiguration;
			buildSettings = {
				ALWAYS_SEARCH_USER_PATHS = NO;
				CLANG_ANALYZER_LOCALIZABILITY_NONLOCALIZED = YES;
				CLANG_ANALYZER_NONNULL = YES;
				CLANG_ANALYZER_NUMBER_OBJECT_CONVERSION = YES_AGGRESSIVE;
				CLANG_CXX_LANGUAGE_STANDARD = "gnu++14";
				CLANG_CXX_LIBRARY = "libc++";
				CLANG_ENABLE_MODULES = YES;
				CLANG_ENABLE_OBJC_ARC = YES;
				CLANG_ENABLE_OBJC_WEAK = YES;
				CLANG_WARN_BLOCK_CAPTURE_AUTORELEASING = YES;
				CLANG_WARN_BOOL_CONVERSION = YES;
				CLANG_WARN_COMMA = YES;
				CLANG_WARN_CONSTANT_CONVERSION = YES;
				CLANG_WARN_DEPRECATED_OBJC_IMPLEMENTATIONS = YES;
				CLANG_WARN_DIRECT_OBJC_ISA_USAGE = YES_ERROR;
				CLANG_WARN_DOCUMENTATION_COMMENTS = YES;
				CLANG_WARN_EMPTY_BODY = YES;
				CLANG_WARN_ENUM_CONVERSION = YES;
				CLANG_WARN_INFINITE_RECURSION = YES;
				CLANG_WARN_INT_CONVERSION = YES;
				CLANG_WARN_NON_LITERAL_NULL_CONVERSION = YES;
				CLANG_WARN_OBJC_IMPLICIT_RETAIN_SELF = YES;
				CLANG_WARN_OBJC_LITERAL_CONVERSION = YES;
				CLANG_WARN_OBJC_ROOT_CLASS = YES_ERROR;
				CLANG_WARN_QUOTED_INCLUDE_IN_FRAMEWORK_HEADER = YES;
				CLANG_WARN_RANGE_LOOP_ANALYSIS = YES;
				CLANG_WARN_STRICT_PROTOTYPES = YES;
				CLANG_WARN_SUSPICIOUS_MOVE = YES;
				CLANG_WARN_UNGUARDED_AVAILABILITY = YES_AGGRESSIVE;
				CLANG_WARN_UNREACHABLE_CODE = YES;
				CLANG_WARN__DUPLICATE_METHOD_MATCH = YES;
				COPY_PHASE_STRIP = NO;
				DEBUG_INFORMATION_FORMAT = dwarf;
				ENABLE_STRICT_OBJC_MSGSEND = YES;
				ENABLE_TESTABILITY = YES;
				ENABLE_USER_SCRIPT_SANDBOXING = YES;
				GCC_C_LANGUAGE_STANDARD = gnu11;
				GCC_DYNAMIC_NO_PIC = NO;
				GCC_NO_COMMON_BLOCKS = YES;
				GCC_OPTIMIZATION_LEVEL = 0;
				GCC_PREPROCESSOR_DEFINITIONS = (
					"DEBUG=1",
					"$(inherited)",
				);
				GCC_WARN_64_TO_32_BIT_CONVERSION = YES;
				GCC_WARN_ABOUT_RETURN_TYPE = YES_ERROR;
				GCC_WARN_UNDECLARED_SELECTOR = YES;
				GCC_WARN_UNINITIALIZED_AUTOS = YES_AGGRESSIVE;
				GCC_WARN_UNUSED_FUNCTION = YES;
				GCC_WARN_UNUSED_VARIABLE = YES;
				IPHONEOS_DEPLOYMENT_TARGET = 14.5;
				MTL_ENABLE_DEBUG_INFO = INCLUDE_SOURCE;
				MTL_FAST_MATH = YES;
				ONLY_ACTIVE_ARCH = YES;
				SDKROOT = iphoneos;
				SWIFT_ACTIVE_COMPILATION_CONDITIONS = DEBUG;
				SWIFT_OPTIMIZATION_LEVEL = "-Onone";
			};
			name = Debug;
		};
		E0F0477A279020100065262D /* Release */ = {
			isa = XCBuildConfiguration;
			buildSettings = {
				ALWAYS_SEARCH_USER_PATHS = NO;
				CLANG_ANALYZER_LOCALIZABILITY_NONLOCALIZED = YES;
				CLANG_ANALYZER_NONNULL = YES;
				CLANG_ANALYZER_NUMBER_OBJECT_CONVERSION = YES_AGGRESSIVE;
				CLANG_CXX_LANGUAGE_STANDARD = "gnu++14";
				CLANG_CXX_LIBRARY = "libc++";
				CLANG_ENABLE_MODULES = YES;
				CLANG_ENABLE_OBJC_ARC = YES;
				CLANG_ENABLE_OBJC_WEAK = YES;
				CLANG_WARN_BLOCK_CAPTURE_AUTORELEASING = YES;
				CLANG_WARN_BOOL_CONVERSION = YES;
				CLANG_WARN_COMMA = YES;
				CLANG_WARN_CONSTANT_CONVERSION = YES;
				CLANG_WARN_DEPRECATED_OBJC_IMPLEMENTATIONS = YES;
				CLANG_WARN_DIRECT_OBJC_ISA_USAGE = YES_ERROR;
				CLANG_WARN_DOCUMENTATION_COMMENTS = YES;
				CLANG_WARN_EMPTY_BODY = YES;
				CLANG_WARN_ENUM_CONVERSION = YES;
				CLANG_WARN_INFINITE_RECURSION = YES;
				CLANG_WARN_INT_CONVERSION = YES;
				CLANG_WARN_NON_LITERAL_NULL_CONVERSION = YES;
				CLANG_WARN_OBJC_IMPLICIT_RETAIN_SELF = YES;
				CLANG_WARN_OBJC_LITERAL_CONVERSION = YES;
				CLANG_WARN_OBJC_ROOT_CLASS = YES_ERROR;
				CLANG_WARN_QUOTED_INCLUDE_IN_FRAMEWORK_HEADER = YES;
				CLANG_WARN_RANGE_LOOP_ANALYSIS = YES;
				CLANG_WARN_STRICT_PROTOTYPES = YES;
				CLANG_WARN_SUSPICIOUS_MOVE = YES;
				CLANG_WARN_UNGUARDED_AVAILABILITY = YES_AGGRESSIVE;
				CLANG_WARN_UNREACHABLE_CODE = YES;
				CLANG_WARN__DUPLICATE_METHOD_MATCH = YES;
				COPY_PHASE_STRIP = NO;
				DEBUG_INFORMATION_FORMAT = "dwarf-with-dsym";
				ENABLE_NS_ASSERTIONS = NO;
				ENABLE_STRICT_OBJC_MSGSEND = YES;
				ENABLE_USER_SCRIPT_SANDBOXING = YES;
				GCC_C_LANGUAGE_STANDARD = gnu11;
				GCC_NO_COMMON_BLOCKS = YES;
				GCC_WARN_64_TO_32_BIT_CONVERSION = YES;
				GCC_WARN_ABOUT_RETURN_TYPE = YES_ERROR;
				GCC_WARN_UNDECLARED_SELECTOR = YES;
				GCC_WARN_UNINITIALIZED_AUTOS = YES_AGGRESSIVE;
				GCC_WARN_UNUSED_FUNCTION = YES;
				GCC_WARN_UNUSED_VARIABLE = YES;
				IPHONEOS_DEPLOYMENT_TARGET = 14.5;
				MTL_ENABLE_DEBUG_INFO = NO;
				MTL_FAST_MATH = YES;
				SDKROOT = iphoneos;
				SWIFT_COMPILATION_MODE = wholemodule;
				SWIFT_OPTIMIZATION_LEVEL = "-O";
				VALIDATE_PRODUCT = YES;
			};
			name = Release;
		};
		E0F0477C279020100065262D /* Debug */ = {
			isa = XCBuildConfiguration;
			buildSettings = {
				ASSETCATALOG_COMPILER_APPICON_NAME = AppIcon;
				ASSETCATALOG_COMPILER_GLOBAL_ACCENT_COLOR_NAME = AccentColor;
				CODE_SIGN_STYLE = Automatic;
				DEVELOPMENT_ASSET_PATHS = "\"TourLink/Preview Content\"";
				DEVELOPMENT_TEAM = 2SG8TQJQR9;
				ENABLE_PREVIEWS = YES;
				INFOPLIST_FILE = TourLink/Info.plist;
				INFOPLIST_KEY_LSApplicationCategoryType = "public.app-category.navigation";
				IPHONEOS_DEPLOYMENT_TARGET = 16.0;
				LD_RUNPATH_SEARCH_PATHS = (
					"$(inherited)",
					"@executable_path/Frameworks",
				);
				PRODUCT_BUNDLE_IDENTIFIER = Chung.TourLink;
				PRODUCT_NAME = "$(TARGET_NAME)";
				SUPPORTED_PLATFORMS = "iphoneos iphonesimulator";
				SUPPORTS_MACCATALYST = NO;
				SUPPORTS_MAC_DESIGNED_FOR_IPHONE_IPAD = NO;
				SWIFT_VERSION = 5.0;
				TARGETED_DEVICE_FAMILY = 1;
			};
			name = Debug;
		};
		E0F0477D279020100065262D /* Release */ = {
			isa = XCBuildConfiguration;
			buildSettings = {
				ASSETCATALOG_COMPILER_APPICON_NAME = AppIcon;
				ASSETCATALOG_COMPILER_GLOBAL_ACCENT_COLOR_NAME = AccentColor;
				CODE_SIGN_STYLE = Automatic;
				DEVELOPMENT_ASSET_PATHS = "\"TourLink/Preview Content\"";
				DEVELOPMENT_TEAM = 2SG8TQJQR9;
				ENABLE_PREVIEWS = YES;
				INFOPLIST_FILE = TourLink/Info.plist;
				INFOPLIST_KEY_LSApplicationCategoryType = "public.app-category.navigation";
				IPHONEOS_DEPLOYMENT_TARGET = 16.0;
				LD_RUNPATH_SEARCH_PATHS = (
					"$(inherited)",
					"@executable_path/Frameworks",
				);
				PRODUCT_BUNDLE_IDENTIFIER = Chung.TourLink;
				PRODUCT_NAME = "$(TARGET_NAME)";
				SUPPORTED_PLATFORMS = "iphoneos iphonesimulator";
				SUPPORTS_MACCATALYST = NO;
				SUPPORTS_MAC_DESIGNED_FOR_IPHONE_IPAD = NO;
				SWIFT_VERSION = 5.0;
				TARGETED_DEVICE_FAMILY = 1;
			};
			name = Release;
		};
/* End XCBuildConfiguration section */

/* Begin XCConfigurationList section */
		E0F047672790200E0065262D /* Build configuration list for PBXProject "TourLink" */ = {
			isa = XCConfigurationList;
			buildConfigurations = (
				E0F04779279020100065262D /* Debug */,
				E0F0477A279020100065262D /* Release */,
			);
			defaultConfigurationIsVisible = 0;
			defaultConfigurationName = Release;
		};
		E0F0477B279020100065262D /* Build configuration list for PBXNativeTarget "TourLink" */ = {
			isa = XCConfigurationList;
			buildConfigurations = (
				E0F0477C279020100065262D /* Debug */,
				E0F0477D279020100065262D /* Release */,
			);
			defaultConfigurationIsVisible = 0;
			defaultConfigurationName = Release;
		};
/* End XCConfigurationList section */

/* Begin XCRemoteSwiftPackageReference section */
		E038200C2799102C00104801 /* XCRemoteSwiftPackageReference "firebase-ios-sdk" */ = {
			isa = XCRemoteSwiftPackageReference;
			repositoryURL = "https://github.com/firebase/firebase-ios-sdk";
			requirement = {
				kind = upToNextMajorVersion;
				minimumVersion = 10.0.0;
			};
		};
/* End XCRemoteSwiftPackageReference section */

/* Begin XCSwiftPackageProductDependency section */
		E0C0F49C2C926DB3005A719B /* FirebaseAnalytics */ = {
			isa = XCSwiftPackageProductDependency;
			package = E038200C2799102C00104801 /* XCRemoteSwiftPackageReference "firebase-ios-sdk" */;
			productName = FirebaseAnalytics;
		};
		E0C0F49E2C926DB3005A719B /* FirebaseAuth */ = {
			isa = XCSwiftPackageProductDependency;
			package = E038200C2799102C00104801 /* XCRemoteSwiftPackageReference "firebase-ios-sdk" */;
			productName = FirebaseAuth;
		};
		E0C0F4A02C926DB3005A719B /* FirebaseDatabase */ = {
			isa = XCSwiftPackageProductDependency;
			package = E038200C2799102C00104801 /* XCRemoteSwiftPackageReference "firebase-ios-sdk" */;
			productName = FirebaseDatabase;
		};
		E0C0F4A22C926DB3005A719B /* FirebaseFirestore */ = {
			isa = XCSwiftPackageProductDependency;
			package = E038200C2799102C00104801 /* XCRemoteSwiftPackageReference "firebase-ios-sdk" */;
			productName = FirebaseFirestore;
		};
		E0C0F4A42C926DB3005A719B /* FirebaseStorage */ = {
			isa = XCSwiftPackageProductDependency;
			package = E038200C2799102C00104801 /* XCRemoteSwiftPackageReference "firebase-ios-sdk" */;
			productName = FirebaseStorage;
		};
		E0C0F4AB2C927493005A719B /* FirebaseFirestoreSwift */ = {
			isa = XCSwiftPackageProductDependency;
			package = E038200C2799102C00104801 /* XCRemoteSwiftPackageReference "firebase-ios-sdk" */;
			productName = FirebaseFirestoreSwift;
		};
/* End XCSwiftPackageProductDependency section */
	};
	rootObject = E0F047642790200E0065262D /* Project object */;
}
